// !$*UTF8*$!
{
	archiveVersion = 1;
	classes = {
	};
	objectVersion = 46;
	objects = {

/* Begin PBXBuildFile section */
		264DDE411DE0C9AA00074A07 /* AppDelegate.swift in Sources */ = {isa = PBXBuildFile; fileRef = 264DDE401DE0C9AA00074A07 /* AppDelegate.swift */; };
		264DDE431DE0C9AA00074A07 /* RootViewController.swift in Sources */ = {isa = PBXBuildFile; fileRef = 264DDE421DE0C9AA00074A07 /* RootViewController.swift */; };
		264DDE451DE0C9AA00074A07 /* DataViewController.swift in Sources */ = {isa = PBXBuildFile; fileRef = 264DDE441DE0C9AA00074A07 /* DataViewController.swift */; };
		264DDE471DE0C9AA00074A07 /* ModelController.swift in Sources */ = {isa = PBXBuildFile; fileRef = 264DDE461DE0C9AA00074A07 /* ModelController.swift */; };
		264DDE4A1DE0C9AA00074A07 /* Main.storyboard in Resources */ = {isa = PBXBuildFile; fileRef = 264DDE481DE0C9AA00074A07 /* Main.storyboard */; };
		264DDE4C1DE0C9AA00074A07 /* Assets.xcassets in Resources */ = {isa = PBXBuildFile; fileRef = 264DDE4B1DE0C9AA00074A07 /* Assets.xcassets */; };
		264DDE4F1DE0C9AA00074A07 /* LaunchScreen.storyboard in Resources */ = {isa = PBXBuildFile; fileRef = 264DDE4D1DE0C9AA00074A07 /* LaunchScreen.storyboard */; };
/* End PBXBuildFile section */

/* Begin PBXFileReference section */
		264DDE3D1DE0C9AA00074A07 /* medHackprototype.app */ = {isa = PBXFileReference; explicitFileType = wrapper.application; includeInIndex = 0; path = medHackprototype.app; sourceTree = BUILT_PRODUCTS_DIR; };
		264DDE401DE0C9AA00074A07 /* AppDelegate.swift */ = {isa = PBXFileReference; lastKnownFileType = sourcecode.swift; path = AppDelegate.swift; sourceTree = "<group>"; };
		264DDE421DE0C9AA00074A07 /* RootViewController.swift */ = {isa = PBXFileReference; lastKnownFileType = sourcecode.swift; path = RootViewController.swift; sourceTree = "<group>"; };
		264DDE441DE0C9AA00074A07 /* DataViewController.swift */ = {isa = PBXFileReference; lastKnownFileType = sourcecode.swift; path = DataViewController.swift; sourceTree = "<group>"; };
		264DDE461DE0C9AA00074A07 /* ModelController.swift */ = {isa = PBXFileReference; lastKnownFileType = sourcecode.swift; path = ModelController.swift; sourceTree = "<group>"; };
		264DDE491DE0C9AA00074A07 /* Base */ = {isa = PBXFileReference; lastKnownFileType = file.storyboard; name = Base; path = Base.lproj/Main.storyboard; sourceTree = "<group>"; };
		264DDE4B1DE0C9AA00074A07 /* Assets.xcassets */ = {isa = PBXFileReference; lastKnownFileType = folder.assetcatalog; path = Assets.xcassets; sourceTree = "<group>"; };
		264DDE4E1DE0C9AA00074A07 /* Base */ = {isa = PBXFileReference; lastKnownFileType = file.storyboard; name = Base; path = Base.lproj/LaunchScreen.storyboard; sourceTree = "<group>"; };
		264DDE501DE0C9AA00074A07 /* Info.plist */ = {isa = PBXFileReference; lastKnownFileType = text.plist.xml; path = Info.plist; sourceTree = "<group>"; };
/* End PBXFileReference section */

/* Begin PBXFrameworksBuildPhase section */
		264DDE3A1DE0C9A800074A07 /* Frameworks */ = {
			isa = PBXFrameworksBuildPhase;
			buildActionMask = 2147483647;
			files = (
			);
			runOnlyForDeploymentPostprocessing = 0;
		};
/* End PBXFrameworksBuildPhase section */

/* Begin PBXGroup section */
		264DDE341DE0C9A700074A07 = {
			isa = PBXGroup;
			children = (
				264DDE3F1DE0C9AA00074A07 /* medHackprototype */,
				264DDE3E1DE0C9AA00074A07 /* Products */,
			);
			sourceTree = "<group>";
		};
		264DDE3E1DE0C9AA00074A07 /* Products */ = {
			isa = PBXGroup;
			children = (
				264DDE3D1DE0C9AA00074A07 /* medHackprototype.app */,
			);
			name = Products;
			sourceTree = "<group>";
		};
		264DDE3F1DE0C9AA00074A07 /* medHackprototype */ = {
			isa = PBXGroup;
			children = (
				264DDE401DE0C9AA00074A07 /* AppDelegate.swift */,
				264DDE421DE0C9AA00074A07 /* RootViewController.swift */,
				264DDE441DE0C9AA00074A07 /* DataViewController.swift */,
				264DDE461DE0C9AA00074A07 /* ModelController.swift */,
				264DDE481DE0C9AA00074A07 /* Main.storyboard */,
				264DDE4B1DE0C9AA00074A07 /* Assets.xcassets */,
				264DDE4D1DE0C9AA00074A07 /* LaunchScreen.storyboard */,
				264DDE501DE0C9AA00074A07 /* Info.plist */,
			);
			path = medHackprototype;
			sourceTree = "<group>";
		};
/* End PBXGroup section */

/* Begin PBXNativeTarget section */
		264DDE3C1DE0C9A800074A07 /* medHackprototype */ = {
			isa = PBXNativeTarget;
			buildConfigurationList = 264DDE531DE0C9AA00074A07 /* Build configuration list for PBXNativeTarget "medHackprototype" */;
			buildPhases = (
				264DDE391DE0C9A800074A07 /* Sources */,
				264DDE3A1DE0C9A800074A07 /* Frameworks */,
				264DDE3B1DE0C9A800074A07 /* Resources */,
			);
			buildRules = (
			);
			dependencies = (
			);
			name = medHackprototype;
			productName = medHackprototype;
			productReference = 264DDE3D1DE0C9AA00074A07 /* medHackprototype.app */;
			productType = "com.apple.product-type.application";
		};
/* End PBXNativeTarget section */

/* Begin PBXProject section */
		264DDE351DE0C9A700074A07 /* Project object */ = {
			isa = PBXProject;
			attributes = {
				LastSwiftUpdateCheck = 0810;
				LastUpgradeCheck = 0810;
				ORGANIZATIONNAME = MedHackBucks;
				TargetAttributes = {
					264DDE3C1DE0C9A800074A07 = {
						CreatedOnToolsVersion = 8.1;
						ProvisioningStyle = Automatic;
					};
				};
			};
			buildConfigurationList = 264DDE381DE0C9A700074A07 /* Build configuration list for PBXProject "medHackprototype" */;
			compatibilityVersion = "Xcode 3.2";
			developmentRegion = English;
			hasScannedForEncodings = 0;
			knownRegions = (
				en,
				Base,
			);
			mainGroup = 264DDE341DE0C9A700074A07;
			productRefGroup = 264DDE3E1DE0C9AA00074A07 /* Products */;
			projectDirPath = "";
			projectRoot = "";
			targets = (
				264DDE3C1DE0C9A800074A07 /* medHackprototype */,
			);
		};
/* End PBXProject section */

/* Begin PBXResourcesBuildPhase section */
		264DDE3B1DE0C9A800074A07 /* Resources */ = {
			isa = PBXResourcesBuildPhase;
			buildActionMask = 2147483647;
			files = (
				264DDE4F1DE0C9AA00074A07 /* LaunchScreen.storyboard in Resources */,
				264DDE4C1DE0C9AA00074A07 /* Assets.xcassets in Resources */,
				264DDE4A1DE0C9AA00074A07 /* Main.storyboard in Resources */,
			);
			runOnlyForDeploymentPostprocessing = 0;
		};
/* End PBXResourcesBuildPhase section */

/* Begin PBXSourcesBuildPhase section */
		264DDE391DE0C9A800074A07 /* Sources */ = {
			isa = PBXSourcesBuildPhase;
			buildActionMask = 2147483647;
			files = (
				264DDE431DE0C9AA00074A07 /* RootViewController.swift in Sources */,
				264DDE471DE0C9AA00074A07 /* ModelController.swift in Sources */,
				264DDE451DE0C9AA00074A07 /* DataViewController.swift in Sources */,
				264DDE411DE0C9AA00074A07 /* AppDelegate.swift in Sources */,
			);
			runOnlyForDeploymentPostprocessing = 0;
		};
/* End PBXSourcesBuildPhase section */

/* Begin PBXVariantGroup section */
		264DDE481DE0C9AA00074A07 /* Main.storyboard */ = {
			isa = PBXVariantGroup;
			children = (
				264DDE491DE0C9AA00074A07 /* Base */,
			);
			name = Main.storyboard;
			sourceTree = "<group>";
		};
		264DDE4D1DE0C9AA00074A07 /* LaunchScreen.storyboard */ = {
			isa = PBXVariantGroup;
			children = (
				264DDE4E1DE0C9AA00074A07 /* Base */,
			);
			name = LaunchScreen.storyboard;
			sourceTree = "<group>";
		};
/* End PBXVariantGroup section */

/* Begin XCBuildConfiguration section */
		264DDE511DE0C9AA00074A07 /* Debug */ = {
			isa = XCBuildConfiguration;
			buildSettings = {
				ALWAYS_SEARCH_USER_PATHS = NO;
				CLANG_ANALYZER_NONNULL = YES;
				CLANG_CXX_LANGUAGE_STANDARD = "gnu++0x";
				CLANG_CXX_LIBRARY = "libc++";
				CLANG_ENABLE_MODULES = YES;
				CLANG_ENABLE_OBJC_ARC = YES;
				CLANG_WARN_BOOL_CONVERSION = YES;
				CLANG_WARN_CONSTANT_CONVERSION = YES;
				CLANG_WARN_DIRECT_OBJC_ISA_USAGE = YES_ERROR;
				CLANG_WARN_DOCUMENTATION_COMMENTS = YES;
				CLANG_WARN_EMPTY_BODY = YES;
				CLANG_WARN_ENUM_CONVERSION = YES;
				CLANG_WARN_INFINITE_RECURSION = YES;
				CLANG_WARN_INT_CONVERSION = YES;
				CLANG_WARN_OBJC_ROOT_CLASS = YES_ERROR;
				CLANG_WARN_SUSPICIOUS_MOVES = YES;
				CLANG_WARN_UNREACHABLE_CODE = YES;
				CLANG_WARN__DUPLICATE_METHOD_MATCH = YES;
				"CODE_SIGN_IDENTITY[sdk=iphoneos*]" = "iPhone Developer";
				COPY_PHASE_STRIP = NO;
				DEBUG_INFORMATION_FORMAT = dwarf;
				ENABLE_STRICT_OBJC_MSGSEND = YES;
				ENABLE_TESTABILITY = YES;
				GCC_C_LANGUAGE_STANDARD = gnu99;
				GCC_DYNAMIC_NO_PIC = NO;
				GCC_NO_COMMON_BLOCKS = YES;
				GCC_OPTIMIZATION_LEVEL = 0;
				GCC_PREPROCESSOR_DEFINITIONS = (
					"DEBUG=1",
					"$(inherited)",
				);
				GCC_WARN_64_TO_32_BIT_CONVERSION = YES;
				GCC_WARN_ABOUT_RETURN_TYPE = YES_ERROR;
				GCC_WARN_UNDECLARED_SELECTOR = YES;
				GCC_WARN_UNINITIALIZED_AUTOS = YES_AGGRESSIVE;
				GCC_WARN_UNUSED_FUNCTION = YES;
				GCC_WARN_UNUSED_VARIABLE = YES;
				IPHONEOS_DEPLOYMENT_TARGET = 10.1;
				MTL_ENABLE_DEBUG_INFO = YES;
				ONLY_ACTIVE_ARCH = YES;
				SDKROOT = iphoneos;
				SWIFT_ACTIVE_COMPILATION_CONDITIONS = DEBUG;
				SWIFT_OPTIMIZATION_LEVEL = "-Onone";
				TARGETED_DEVICE_FAMILY = "1,2";
			};
			name = Debug;
		};
		264DDE521DE0C9AA00074A07 /* Release */ = {
			isa = XCBuildConfiguration;
			buildSettings = {
				ALWAYS_SEARCH_USER_PATHS = NO;
				CLANG_ANALYZER_NONNULL = YES;
				CLANG_CXX_LANGUAGE_STANDARD = "gnu++0x";
				CLANG_CXX_LIBRARY = "libc++";
				CLANG_ENABLE_MODULES = YES;
				CLANG_ENABLE_OBJC_ARC = YES;
				CLANG_WARN_BOOL_CONVERSION = YES;
				CLANG_WARN_CONSTANT_CONVERSION = YES;
				CLANG_WARN_DIRECT_OBJC_ISA_USAGE = YES_ERROR;
				CLANG_WARN_DOCUMENTATION_COMMENTS = YES;
				CLANG_WARN_EMPTY_BODY = YES;
				CLANG_WARN_ENUM_CONVERSION = YES;
				CLANG_WARN_INFINITE_RECURSION = YES;
				CLANG_WARN_INT_CONVERSION = YES;
				CLANG_WARN_OBJC_ROOT_CLASS = YES_ERROR;
				CLANG_WARN_SUSPICIOUS_MOVES = YES;
				CLANG_WARN_UNREACHABLE_CODE = YES;
				CLANG_WARN__DUPLICATE_METHOD_MATCH = YES;
				"CODE_SIGN_IDENTITY[sdk=iphoneos*]" = "iPhone Developer";
				COPY_PHASE_STRIP = NO;
				DEBUG_INFORMATION_FORMAT = "dwarf-with-dsym";
				ENABLE_NS_ASSERTIONS = NO;
				ENABLE_STRICT_OBJC_MSGSEND = YES;
				GCC_C_LANGUAGE_STANDARD = gnu99;
				GCC_NO_COMMON_BLOCKS = YES;
				GCC_WARN_64_TO_32_BIT_CONVERSION = YES;
				GCC_WARN_ABOUT_RETURN_TYPE = YES_ERROR;
				GCC_WARN_UNDECLARED_SELECTOR = YES;
				GCC_WARN_UNINITIALIZED_AUTOS = YES_AGGRESSIVE;
				GCC_WARN_UNUSED_FUNCTION = YES;
				GCC_WARN_UNUSED_VARIABLE = YES;
				IPHONEOS_DEPLOYMENT_TARGET = 10.1;
				MTL_ENABLE_DEBUG_INFO = NO;
				SDKROOT = iphoneos;
				SWIFT_OPTIMIZATION_LEVEL = "-Owholemodule";
				TARGETED_DEVICE_FAMILY = "1,2";
				VALIDATE_PRODUCT = YES;
			};
			name = Release;
		};
		264DDE541DE0C9AA00074A07 /* Debug */ = {
			isa = XCBuildConfiguration;
			buildSettings = {
				ASSETCATALOG_COMPILER_APPICON_NAME = AppIcon;
				INFOPLIST_FILE = medHackprototype/Info.plist;
				LD_RUNPATH_SEARCH_PATHS = "$(inherited) @executable_path/Frameworks";
				PRODUCT_BUNDLE_IDENTIFIER = "-.medHackprototype";
				PRODUCT_NAME = "$(TARGET_NAME)";
				SWIFT_VERSION = 3.0;
			};
			name = Debug;
		};
		264DDE551DE0C9AA00074A07 /* Release */ = {
			isa = XCBuildConfiguration;
			buildSettings = {
				ASSETCATALOG_COMPILER_APPICON_NAME = AppIcon;
				INFOPLIST_FILE = medHackprototype/Info.plist;
				LD_RUNPATH_SEARCH_PATHS = "$(inherited) @executable_path/Frameworks";
				PRODUCT_BUNDLE_IDENTIFIER = "-.medHackprototype";
				PRODUCT_NAME = "$(TARGET_NAME)";
				SWIFT_VERSION = 3.0;
			};
			name = Release;
		};
/* End XCBuildConfiguration section */

/* Begin XCConfigurationList section */
		264DDE381DE0C9A700074A07 /* Build configuration list for PBXProject "medHackprototype" */ = {
			isa = XCConfigurationList;
			buildConfigurations = (
				264DDE511DE0C9AA00074A07 /* Debug */,
				264DDE521DE0C9AA00074A07 /* Release */,
			);
			defaultConfigurationIsVisible = 0;
			defaultConfigurationName = Release;
		};
		264DDE531DE0C9AA00074A07 /* Build configuration list for PBXNativeTarget "medHackprototype" */ = {
			isa = XCConfigurationList;
			buildConfigurations = (
				264DDE541DE0C9AA00074A07 /* Debug */,
				264DDE551DE0C9AA00074A07 /* Release */,
			);
			defaultConfigurationIsVisible = 0;
		};
/* End XCConfigurationList section */
	};
	rootObject = 264DDE351DE0C9A700074A07 /* Project object */;
}
